
Microsoft Visual Studio Solution File, Format Version 12.00
# Visual Studio 15
VisualStudioVersion = 15.0.28307.1340
MinimumVisualStudioVersion = 10.0.40219.1
Project("{FAE04EC0-301F-11D3-BF4B-00C04F79EFBC}") = "Github_Lab", "Github_Lab\Github_Lab.csproj", "{B671F05B-E5D9-4A0D-BB84-EEB7DB135776}"
EndProject
Global
	GlobalSection(SolutionConfigurationPlatforms) = preSolution
		Debug|Any CPU = Debug|Any CPU
		Release|Any CPU = Release|Any CPU
	EndGlobalSection
	GlobalSection(ProjectConfigurationPlatforms) = postSolution
		{B671F05B-E5D9-4A0D-BB84-EEB7DB135776}.Debug|Any CPU.ActiveCfg = Debug|Any CPU
		{B671F05B-E5D9-4A0D-BB84-EEB7DB135776}.Debug|Any CPU.Build.0 = Debug|Any CPU
		{B671F05B-E5D9-4A0D-BB84-EEB7DB135776}.Release|Any CPU.ActiveCfg = Release|Any CPU
		{B671F05B-E5D9-4A0D-BB84-EEB7DB135776}.Release|Any CPU.Build.0 = Release|Any CPU
	EndGlobalSection
	GlobalSection(SolutionProperties) = preSolution
		HideSolutionNode = FALSE
	EndGlobalSection
	GlobalSection(ExtensibilityGlobals) = postSolution
		SolutionGuid = {4CAFA894-9BC6-417E-81AA-8B2DC52644A0}
	EndGlobalSection
EndGlobal
